
Microsoft Visual Studio Solution File, Format Version 12.00
# Visual Studio Version 16
VisualStudioVersion = 16.0.31729.503
MinimumVisualStudioVersion = 10.0.40219.1
Project("{FAE04EC0-301F-11D3-BF4B-00C04F79EFBC}") = "Practicum_3", "Practicum_3\Practicum_3.csproj", "{9DCD6790-0B04-44C6-8EE2-065882E72B3E}"
EndProject
Global
	GlobalSection(SolutionConfigurationPlatforms) = preSolution
		Debug|Any CPU = Debug|Any CPU
		Release|Any CPU = Release|Any CPU
	EndGlobalSection
	GlobalSection(ProjectConfigurationPlatforms) = postSolution
		{9DCD6790-0B04-44C6-8EE2-065882E72B3E}.Debug|Any CPU.ActiveCfg = Debug|Any CPU
		{9DCD6790-0B04-44C6-8EE2-065882E72B3E}.Debug|Any CPU.Build.0 = Debug|Any CPU
		{9DCD6790-0B04-44C6-8EE2-065882E72B3E}.Release|Any CPU.ActiveCfg = Release|Any CPU
		{9DCD6790-0B04-44C6-8EE2-065882E72B3E}.Release|Any CPU.Build.0 = Release|Any CPU
	EndGlobalSection
	GlobalSection(SolutionProperties) = preSolution
		HideSolutionNode = FALSE
	EndGlobalSection
	GlobalSection(ExtensibilityGlobals) = postSolution
		SolutionGuid = {74063CD9-A9C3-4D8D-AE5F-12DBE34DBA30}
	EndGlobalSection
EndGlobal
